
Microsoft Visual Studio Solution File, Format Version 12.00
# Visual Studio 15
Project("{FAE04EC0-301F-11D3-BF4B-00C04F79EFBC}") = "Corso_01", "Corso_01\Corso_01.csproj", "{ADDF19D7-284C-45CF-B41C-D533D40D75E0}"
EndProject
Project("{FAE04EC0-301F-11D3-BF4B-00C04F79EFBC}") = "Corso_02", "Corso_02\Corso_02.csproj", "{D9AFAF0A-50CA-4D3B-967A-A6531FC0B7D2}"
EndProject
Project("{FAE04EC0-301F-11D3-BF4B-00C04F79EFBC}") = "Corso_03", "Corso_03\Corso_03.csproj", "{B94C25EE-F232-4374-8EED-AE34CD75A8D6}"
EndProject
Project("{FAE04EC0-301F-11D3-BF4B-00C04F79EFBC}") = "Corso_04", "Corso_04\Corso_04.csproj", "{58C7D703-62A2-404E-BD7D-A2F004799AD7}"
EndProject
Project("{FAE04EC0-301F-11D3-BF4B-00C04F79EFBC}") = "Corso_05", "Corso_05\Corso_05.csproj", "{D4DEB827-3D4C-4014-A9C6-1EA3905CD01A}"
EndProject
Project("{FAE04EC0-301F-11D3-BF4B-00C04F79EFBC}") = "Corso_06", "Corso_06\Corso_06.csproj", "{AE123198-4B06-42CC-BCA2-BBC56010D583}"
EndProject
Project("{2150E333-8FDC-42A3-9474-1A3956D46DE8}") = "Accessibility", "Accessibility", "{762C4691-83CC-49BB-BE5B-ABCA67024474}"
EndProject
Project("{2150E333-8FDC-42A3-9474-1A3956D46DE8}") = "Internal", "Internal", "{BDF8E48C-9B12-450B-A65E-D74149942FAF}"
EndProject
Project("{FAE04EC0-301F-11D3-BF4B-00C04F79EFBC}") = "InternalBaseClass", "InternalBaseClass\InternalBaseClass.csproj", "{7CBDB93A-0F09-4F64-95A6-CD88A691CE4F}"
EndProject
Project("{FAE04EC0-301F-11D3-BF4B-00C04F79EFBC}") = "InternalTest", "InternalBaseClass\InternalTest\InternalTest.csproj", "{C260A8EA-0C1A-4C24-9226-74CA689EB346}"
EndProject
Project("{2150E333-8FDC-42A3-9474-1A3956D46DE8}") = "Private", "Private", "{6F0B1272-9990-49EA-9029-902C58AB99BA}"
EndProject
Project("{FAE04EC0-301F-11D3-BF4B-00C04F79EFBC}") = "PrivateTest", "PrivateTest\PrivateTest.csproj", "{F248EBBE-8D9F-4B74-B1B7-B3A28B49E772}"
EndProject
Project("{FAE04EC0-301F-11D3-BF4B-00C04F79EFBC}") = "PrivateBaseClass", "PrivateTest\PrivateBaseClass\PrivateBaseClass.csproj", "{25D21CD9-9784-469E-AE01-F64459FE29EB}"
EndProject
Project("{2150E333-8FDC-42A3-9474-1A3956D46DE8}") = "Protected", "Protected", "{48BC4C08-CC6A-4F64-BCE0-0EC065980AEF}"
EndProject
Project("{FAE04EC0-301F-11D3-BF4B-00C04F79EFBC}") = "ProtectedTest", "ProtectedTest\ProtectedTest.csproj", "{79DC7C0D-07BE-4C3E-870B-9A7D7D2104E9}"
EndProject
Project("{FAE04EC0-301F-11D3-BF4B-00C04F79EFBC}") = "ProtectedBaseClass", "ProtectedTest\ProtectedBaseClass\ProtectedBaseClass.csproj", "{E3A124D5-4458-445F-8B76-488A8A788692}"
EndProject
Project("{FAE04EC0-301F-11D3-BF4B-00C04F79EFBC}") = "Corso_08", "Corso_08\Corso_08.csproj", "{D64EB20A-7588-49B4-ABA9-0B3A1D530C65}"
EndProject
Project("{FAE04EC0-301F-11D3-BF4B-00C04F79EFBC}") = "Corso_09", "Corso_09\Corso_09.csproj", "{1D6FFE1C-BBB6-4DBF-B27B-156DB49A84D4}"
EndProject
Project("{FAE04EC0-301F-11D3-BF4B-00C04F79EFBC}") = "Corso_10", "Corso_10\Corso_10.csproj", "{345575A9-281F-457D-8EFA-DD05898C64D6}"
EndProject
Project("{FAE04EC0-301F-11D3-BF4B-00C04F79EFBC}") = "Corso_11", "Corso_11\Corso_11.csproj", "{85718406-A963-4AD4-B9BE-7E438076C511}"
EndProject
Project("{FAE04EC0-301F-11D3-BF4B-00C04F79EFBC}") = "Corso_12", "Corso_12\Corso_12.csproj", "{95FD9D13-85AA-47F1-92C9-37FD9FCA0A68}"
EndProject
Project("{FAE04EC0-301F-11D3-BF4B-00C04F79EFBC}") = "Corso_13", "Corso_13\Corso_13.csproj", "{A9CD9654-DE33-4B1D-B865-235C478563F9}"
EndProject
Project("{FAE04EC0-301F-11D3-BF4B-00C04F79EFBC}") = "Corso_14", "Corso_14\Corso_14.csproj", "{8AD0CE65-7F14-4E59-8FA3-4A67845E7E77}"
EndProject
Global
	GlobalSection(SolutionConfigurationPlatforms) = preSolution
		Debug|x86 = Debug|x86
		Release|x86 = Release|x86
	EndGlobalSection
	GlobalSection(ProjectConfigurationPlatforms) = postSolution
		{ADDF19D7-284C-45CF-B41C-D533D40D75E0}.Debug|x86.ActiveCfg = Debug|x86
		{ADDF19D7-284C-45CF-B41C-D533D40D75E0}.Debug|x86.Build.0 = Debug|x86
		{ADDF19D7-284C-45CF-B41C-D533D40D75E0}.Release|x86.ActiveCfg = Release|x86
		{ADDF19D7-284C-45CF-B41C-D533D40D75E0}.Release|x86.Build.0 = Release|x86
		{D9AFAF0A-50CA-4D3B-967A-A6531FC0B7D2}.Debug|x86.ActiveCfg = Debug|x86
		{D9AFAF0A-50CA-4D3B-967A-A6531FC0B7D2}.Debug|x86.Build.0 = Debug|x86
		{D9AFAF0A-50CA-4D3B-967A-A6531FC0B7D2}.Release|x86.ActiveCfg = Release|x86
		{D9AFAF0A-50CA-4D3B-967A-A6531FC0B7D2}.Release|x86.Build.0 = Release|x86
		{B94C25EE-F232-4374-8EED-AE34CD75A8D6}.Debug|x86.ActiveCfg = Debug|x86
		{B94C25EE-F232-4374-8EED-AE34CD75A8D6}.Debug|x86.Build.0 = Debug|x86
		{B94C25EE-F232-4374-8EED-AE34CD75A8D6}.Release|x86.ActiveCfg = Release|x86
		{B94C25EE-F232-4374-8EED-AE34CD75A8D6}.Release|x86.Build.0 = Release|x86
		{58C7D703-62A2-404E-BD7D-A2F004799AD7}.Debug|x86.ActiveCfg = Debug|x86
		{58C7D703-62A2-404E-BD7D-A2F004799AD7}.Debug|x86.Build.0 = Debug|x86
		{58C7D703-62A2-404E-BD7D-A2F004799AD7}.Release|x86.ActiveCfg = Release|x86
		{58C7D703-62A2-404E-BD7D-A2F004799AD7}.Release|x86.Build.0 = Release|x86
		{D4DEB827-3D4C-4014-A9C6-1EA3905CD01A}.Debug|x86.ActiveCfg = Debug|x86
		{D4DEB827-3D4C-4014-A9C6-1EA3905CD01A}.Debug|x86.Build.0 = Debug|x86
		{D4DEB827-3D4C-4014-A9C6-1EA3905CD01A}.Release|x86.ActiveCfg = Release|x86
		{D4DEB827-3D4C-4014-A9C6-1EA3905CD01A}.Release|x86.Build.0 = Release|x86
		{AE123198-4B06-42CC-BCA2-BBC56010D583}.Debug|x86.ActiveCfg = Debug|x86
		{AE123198-4B06-42CC-BCA2-BBC56010D583}.Debug|x86.Build.0 = Debug|x86
		{AE123198-4B06-42CC-BCA2-BBC56010D583}.Release|x86.ActiveCfg = Release|x86
		{AE123198-4B06-42CC-BCA2-BBC56010D583}.Release|x86.Build.0 = Release|x86
		{7CBDB93A-0F09-4F64-95A6-CD88A691CE4F}.Debug|x86.ActiveCfg = Debug|Any CPU
		{7CBDB93A-0F09-4F64-95A6-CD88A691CE4F}.Debug|x86.Build.0 = Debug|Any CPU
		{7CBDB93A-0F09-4F64-95A6-CD88A691CE4F}.Release|x86.ActiveCfg = Release|Any CPU
		{7CBDB93A-0F09-4F64-95A6-CD88A691CE4F}.Release|x86.Build.0 = Release|Any CPU
		{C260A8EA-0C1A-4C24-9226-74CA689EB346}.Debug|x86.ActiveCfg = Debug|x86
		{C260A8EA-0C1A-4C24-9226-74CA689EB346}.Debug|x86.Build.0 = Debug|x86
		{C260A8EA-0C1A-4C24-9226-74CA689EB346}.Release|x86.ActiveCfg = Release|x86
		{C260A8EA-0C1A-4C24-9226-74CA689EB346}.Release|x86.Build.0 = Release|x86
		{F248EBBE-8D9F-4B74-B1B7-B3A28B49E772}.Debug|x86.ActiveCfg = Debug|x86
		{F248EBBE-8D9F-4B74-B1B7-B3A28B49E772}.Debug|x86.Build.0 = Debug|x86
		{F248EBBE-8D9F-4B74-B1B7-B3A28B49E772}.Release|x86.ActiveCfg = Release|x86
		{F248EBBE-8D9F-4B74-B1B7-B3A28B49E772}.Release|x86.Build.0 = Release|x86
		{25D21CD9-9784-469E-AE01-F64459FE29EB}.Debug|x86.ActiveCfg = Debug|Any CPU
		{25D21CD9-9784-469E-AE01-F64459FE29EB}.Debug|x86.Build.0 = Debug|Any CPU
		{25D21CD9-9784-469E-AE01-F64459FE29EB}.Release|x86.ActiveCfg = Release|Any CPU
		{25D21CD9-9784-469E-AE01-F64459FE29EB}.Release|x86.Build.0 = Release|Any CPU
		{79DC7C0D-07BE-4C3E-870B-9A7D7D2104E9}.Debug|x86.ActiveCfg = Debug|x86
		{79DC7C0D-07BE-4C3E-870B-9A7D7D2104E9}.Debug|x86.Build.0 = Debug|x86
		{79DC7C0D-07BE-4C3E-870B-9A7D7D2104E9}.Release|x86.ActiveCfg = Release|x86
		{79DC7C0D-07BE-4C3E-870B-9A7D7D2104E9}.Release|x86.Build.0 = Release|x86
		{E3A124D5-4458-445F-8B76-488A8A788692}.Debug|x86.ActiveCfg = Debug|Any CPU
		{E3A124D5-4458-445F-8B76-488A8A788692}.Debug|x86.Build.0 = Debug|Any CPU
		{E3A124D5-4458-445F-8B76-488A8A788692}.Release|x86.ActiveCfg = Release|Any CPU
		{E3A124D5-4458-445F-8B76-488A8A788692}.Release|x86.Build.0 = Release|Any CPU
		{D64EB20A-7588-49B4-ABA9-0B3A1D530C65}.Debug|x86.ActiveCfg = Debug|x86
		{D64EB20A-7588-49B4-ABA9-0B3A1D530C65}.Debug|x86.Build.0 = Debug|x86
		{D64EB20A-7588-49B4-ABA9-0B3A1D530C65}.Release|x86.ActiveCfg = Release|x86
		{D64EB20A-7588-49B4-ABA9-0B3A1D530C65}.Release|x86.Build.0 = Release|x86
		{1D6FFE1C-BBB6-4DBF-B27B-156DB49A84D4}.Debug|x86.ActiveCfg = Debug|x86
		{1D6FFE1C-BBB6-4DBF-B27B-156DB49A84D4}.Debug|x86.Build.0 = Debug|x86
		{1D6FFE1C-BBB6-4DBF-B27B-156DB49A84D4}.Release|x86.ActiveCfg = Release|x86
		{1D6FFE1C-BBB6-4DBF-B27B-156DB49A84D4}.Release|x86.Build.0 = Release|x86
		{345575A9-281F-457D-8EFA-DD05898C64D6}.Debug|x86.ActiveCfg = Debug|x86
		{345575A9-281F-457D-8EFA-DD05898C64D6}.Debug|x86.Build.0 = Debug|x86
		{345575A9-281F-457D-8EFA-DD05898C64D6}.Release|x86.ActiveCfg = Release|x86
		{345575A9-281F-457D-8EFA-DD05898C64D6}.Release|x86.Build.0 = Release|x86
		{85718406-A963-4AD4-B9BE-7E438076C511}.Debug|x86.ActiveCfg = Debug|x86
		{85718406-A963-4AD4-B9BE-7E438076C511}.Debug|x86.Build.0 = Debug|x86
		{85718406-A963-4AD4-B9BE-7E438076C511}.Release|x86.ActiveCfg = Release|x86
		{85718406-A963-4AD4-B9BE-7E438076C511}.Release|x86.Build.0 = Release|x86
		{95FD9D13-85AA-47F1-92C9-37FD9FCA0A68}.Debug|x86.ActiveCfg = Debug|x86
		{95FD9D13-85AA-47F1-92C9-37FD9FCA0A68}.Debug|x86.Build.0 = Debug|x86
		{95FD9D13-85AA-47F1-92C9-37FD9FCA0A68}.Release|x86.ActiveCfg = Release|x86
		{95FD9D13-85AA-47F1-92C9-37FD9FCA0A68}.Release|x86.Build.0 = Release|x86
		{A9CD9654-DE33-4B1D-B865-235C478563F9}.Debug|x86.ActiveCfg = Debug|x86
		{A9CD9654-DE33-4B1D-B865-235C478563F9}.Debug|x86.Build.0 = Debug|x86
		{A9CD9654-DE33-4B1D-B865-235C478563F9}.Release|x86.ActiveCfg = Release|x86
		{A9CD9654-DE33-4B1D-B865-235C478563F9}.Release|x86.Build.0 = Release|x86
		{8AD0CE65-7F14-4E59-8FA3-4A67845E7E77}.Debug|x86.ActiveCfg = Debug|x86
		{8AD0CE65-7F14-4E59-8FA3-4A67845E7E77}.Debug|x86.Build.0 = Debug|x86
		{8AD0CE65-7F14-4E59-8FA3-4A67845E7E77}.Release|x86.ActiveCfg = Release|x86
		{8AD0CE65-7F14-4E59-8FA3-4A67845E7E77}.Release|x86.Build.0 = Release|x86
	EndGlobalSection
	GlobalSection(NestedProjects) = preSolution
		{BDF8E48C-9B12-450B-A65E-D74149942FAF} = {762C4691-83CC-49BB-BE5B-ABCA67024474}
		{7CBDB93A-0F09-4F64-95A6-CD88A691CE4F} = {BDF8E48C-9B12-450B-A65E-D74149942FAF}
		{C260A8EA-0C1A-4C24-9226-74CA689EB346} = {BDF8E48C-9B12-450B-A65E-D74149942FAF}
		{6F0B1272-9990-49EA-9029-902C58AB99BA} = {762C4691-83CC-49BB-BE5B-ABCA67024474}
		{F248EBBE-8D9F-4B74-B1B7-B3A28B49E772} = {6F0B1272-9990-49EA-9029-902C58AB99BA}
		{25D21CD9-9784-469E-AE01-F64459FE29EB} = {6F0B1272-9990-49EA-9029-902C58AB99BA}
		{48BC4C08-CC6A-4F64-BCE0-0EC065980AEF} = {762C4691-83CC-49BB-BE5B-ABCA67024474}
		{79DC7C0D-07BE-4C3E-870B-9A7D7D2104E9} = {48BC4C08-CC6A-4F64-BCE0-0EC065980AEF}
		{E3A124D5-4458-445F-8B76-488A8A788692} = {48BC4C08-CC6A-4F64-BCE0-0EC065980AEF}
	EndGlobalSection
EndGlobal
